
Microsoft Visual Studio Solution File, Format Version 12.00
# Visual Studio Version 16
VisualStudioVersion = 16.0.29613.14
MinimumVisualStudioVersion = 10.0.40219.1
Project("{9A19103F-16F7-4668-BE54-9A1E7A4F7556}") = "CodMwStats.Core", "CoDModernWarfareStats\CodMwStats.Core.csproj", "{9955288F-8705-4571-BB9E-4D868B307594}"
EndProject
Project("{9A19103F-16F7-4668-BE54-9A1E7A4F7556}") = "CodMwStats.AccountLogic", "AccountLogic\CodMwStats.AccountLogic.csproj", "{19659D6B-1E2F-4E04-AA3B-C265CA3F1B15}"
EndProject
Project("{FAE04EC0-301F-11D3-BF4B-00C04F79EFBC}") = "CodMwStats.Commands", "CodMwStats.Commands\CodMwStats.Commands.csproj", "{16E45644-B15D-47CE-AA66-229358D9F574}"
EndProject
Global
	GlobalSection(SolutionConfigurationPlatforms) = preSolution
		Debug|Any CPU = Debug|Any CPU
		Release|Any CPU = Release|Any CPU
	EndGlobalSection
	GlobalSection(ProjectConfigurationPlatforms) = postSolution
		{9955288F-8705-4571-BB9E-4D868B307594}.Debug|Any CPU.ActiveCfg = Debug|Any CPU
		{9955288F-8705-4571-BB9E-4D868B307594}.Debug|Any CPU.Build.0 = Debug|Any CPU
		{9955288F-8705-4571-BB9E-4D868B307594}.Release|Any CPU.ActiveCfg = Release|Any CPU
		{9955288F-8705-4571-BB9E-4D868B307594}.Release|Any CPU.Build.0 = Release|Any CPU
		{19659D6B-1E2F-4E04-AA3B-C265CA3F1B15}.Debug|Any CPU.ActiveCfg = Debug|Any CPU
		{19659D6B-1E2F-4E04-AA3B-C265CA3F1B15}.Debug|Any CPU.Build.0 = Debug|Any CPU
		{19659D6B-1E2F-4E04-AA3B-C265CA3F1B15}.Release|Any CPU.ActiveCfg = Release|Any CPU
		{19659D6B-1E2F-4E04-AA3B-C265CA3F1B15}.Release|Any CPU.Build.0 = Release|Any CPU
		{16E45644-B15D-47CE-AA66-229358D9F574}.Debug|Any CPU.ActiveCfg = Debug|Any CPU
		{16E45644-B15D-47CE-AA66-229358D9F574}.Debug|Any CPU.Build.0 = Debug|Any CPU
		{16E45644-B15D-47CE-AA66-229358D9F574}.Release|Any CPU.ActiveCfg = Release|Any CPU
		{16E45644-B15D-47CE-AA66-229358D9F574}.Release|Any CPU.Build.0 = Release|Any CPU
	EndGlobalSection
	GlobalSection(SolutionProperties) = preSolution
		HideSolutionNode = FALSE
	EndGlobalSection
	GlobalSection(ExtensibilityGlobals) = postSolution
		SolutionGuid = {BABCADF8-27C6-48C0-BB52-80B6C2878ADB}
	EndGlobalSection
EndGlobal
